// !$*UTF8*$!
{
	archiveVersion = 1;
	classes = {
	};
	objectVersion = 52;
	objects = {

/* Begin PBXBuildFile section */
		98D539D22661C87F00ED29DC /* ExampleApp.swift in Sources */ = {isa = PBXBuildFile; fileRef = 98D539D12661C87F00ED29DC /* ExampleApp.swift */; };
		98D539D42661C87F00ED29DC /* ContentView.swift in Sources */ = {isa = PBXBuildFile; fileRef = 98D539D32661C87F00ED29DC /* ContentView.swift */; };
		98D539D62661C88000ED29DC /* Assets.xcassets in Resources */ = {isa = PBXBuildFile; fileRef = 98D539D52661C88000ED29DC /* Assets.xcassets */; };
		98D539D92661C88000ED29DC /* Preview Assets.xcassets in Resources */ = {isa = PBXBuildFile; fileRef = 98D539D82661C88000ED29DC /* Preview Assets.xcassets */; };
		98D539E22661C97A00ED29DC /* SwiftUICardStack in Frameworks */ = {isa = PBXBuildFile; productRef = 98D539E12661C97A00ED29DC /* SwiftUICardStack */; };
/* End PBXBuildFile section */

/* Begin PBXFileReference section */
		98D539CE2661C87F00ED29DC /* SwiftUICardStack-Example.app */ = {isa = PBXFileReference; explicitFileType = wrapper.application; includeInIndex = 0; path = "SwiftUICardStack-Example.app"; sourceTree = BUILT_PRODUCTS_DIR; };
		98D539D12661C87F00ED29DC /* ExampleApp.swift */ = {isa = PBXFileReference; lastKnownFileType = sourcecode.swift; path = ExampleApp.swift; sourceTree = "<group>"; };
		98D539D32661C87F00ED29DC /* ContentView.swift */ = {isa = PBXFileReference; lastKnownFileType = sourcecode.swift; path = ContentView.swift; sourceTree = "<group>"; };
		98D539D52661C88000ED29DC /* Assets.xcassets */ = {isa = PBXFileReference; lastKnownFileType = folder.assetcatalog; path = Assets.xcassets; sourceTree = "<group>"; };
		98D539D82661C88000ED29DC /* Preview Assets.xcassets */ = {isa = PBXFileReference; lastKnownFileType = folder.assetcatalog; path = "Preview Assets.xcassets"; sourceTree = "<group>"; };
		98D539DA2661C88000ED29DC /* Info.plist */ = {isa = PBXFileReference; lastKnownFileType = text.plist.xml; path = Info.plist; sourceTree = "<group>"; };
/* End PBXFileReference section */

/* Begin PBXFrameworksBuildPhase section */
		98D539CB2661C87F00ED29DC /* Frameworks */ = {
			isa = PBXFrameworksBuildPhase;
			buildActionMask = 2147483647;
			files = (
				98D539E22661C97A00ED29DC /* SwiftUICardStack in Frameworks */,
			);
			runOnlyForDeploymentPostprocessing = 0;
		};
/* End PBXFrameworksBuildPhase section */

/* Begin PBXGroup section */
		98D539C52661C87F00ED29DC = {
			isa = PBXGroup;
			children = (
				98D539D02661C87F00ED29DC /* SwiftUICardStack-Example */,
				98D539CF2661C87F00ED29DC /* Products */,
			);
			sourceTree = "<group>";
		};
		98D539CF2661C87F00ED29DC /* Products */ = {
			isa = PBXGroup;
			children = (
				98D539CE2661C87F00ED29DC /* SwiftUICardStack-Example.app */,
			);
			name = Products;
			sourceTree = "<group>";
		};
		98D539D02661C87F00ED29DC /* SwiftUICardStack-Example */ = {
			isa = PBXGroup;
			children = (
				98D539D12661C87F00ED29DC /* ExampleApp.swift */,
				98D539D32661C87F00ED29DC /* ContentView.swift */,
				98D539D52661C88000ED29DC /* Assets.xcassets */,
				98D539DA2661C88000ED29DC /* Info.plist */,
				98D539D72661C88000ED29DC /* Preview Content */,
			);
			path = "SwiftUICardStack-Example";
			sourceTree = "<group>";
		};
		98D539D72661C88000ED29DC /* Preview Content */ = {
			isa = PBXGroup;
			children = (
				98D539D82661C88000ED29DC /* Preview Assets.xcassets */,
			);
			path = "Preview Content";
			sourceTree = "<group>";
		};
/* End PBXGroup section */

/* Begin PBXNativeTarget section */
		98D539CD2661C87F00ED29DC /* SwiftUICardStack-Example */ = {
			isa = PBXNativeTarget;
			buildConfigurationList = 98D539DD2661C88000ED29DC /* Build configuration list for PBXNativeTarget "SwiftUICardStack-Example" */;
			buildPhases = (
				98D539CA2661C87F00ED29DC /* Sources */,
				98D539CB2661C87F00ED29DC /* Frameworks */,
				98D539CC2661C87F00ED29DC /* Resources */,
			);
			buildRules = (
			);
			dependencies = (
			);
			name = "SwiftUICardStack-Example";
			packageProductDependencies = (
				98D539E12661C97A00ED29DC /* SwiftUICardStack */,
			);
			productName = Example;
			productReference = 98D539CE2661C87F00ED29DC /* SwiftUICardStack-Example.app */;
			productType = "com.apple.product-type.application";
		};
/* End PBXNativeTarget section */

/* Begin PBXProject section */
		98D539C62661C87F00ED29DC /* Project object */ = {
			isa = PBXProject;
			attributes = {
				LastSwiftUpdateCheck = 1250;
				LastUpgradeCheck = 1250;
				TargetAttributes = {
					98D539CD2661C87F00ED29DC = {
						CreatedOnToolsVersion = 12.5;
					};
				};
			};
			buildConfigurationList = 98D539C92661C87F00ED29DC /* Build configuration list for PBXProject "SwiftUICardStack-Example" */;
			compatibilityVersion = "Xcode 9.3";
			developmentRegion = en;
			hasScannedForEncodings = 0;
			knownRegions = (
				en,
				Base,
			);
			mainGroup = 98D539C52661C87F00ED29DC;
			packageReferences = (
				98D539E02661C97A00ED29DC /* XCRemoteSwiftPackageReference "SwiftUICardStack" */,
			);
			productRefGroup = 98D539CF2661C87F00ED29DC /* Products */;
			projectDirPath = "";
			projectRoot = "";
			targets = (
				98D539CD2661C87F00ED29DC /* SwiftUICardStack-Example */,
			);
		};
/* End PBXProject section */

/* Begin PBXResourcesBuildPhase section */
		98D539CC2661C87F00ED29DC /* Resources */ = {
			isa = PBXResourcesBuildPhase;
			buildActionMask = 2147483647;
			files = (
				98D539D92661C88000ED29DC /* Preview Assets.xcassets in Resources */,
				98D539D62661C88000ED29DC /* Assets.xcassets in Resources */,
			);
			runOnlyForDeploymentPostprocessing = 0;
		};
/* End PBXResourcesBuildPhase section */

/* Begin PBXSourcesBuildPhase section */
		98D539CA2661C87F00ED29DC /* Sources */ = {
			isa = PBXSourcesBuildPhase;
			buildActionMask = 2147483647;
			files = (
				98D539D42661C87F00ED29DC /* ContentView.swift in Sources */,
				98D539D22661C87F00ED29DC /* ExampleApp.swift in Sources */,
			);
			runOnlyForDeploymentPostprocessing = 0;
		};
/* End PBXSourcesBuildPhase section */

/* Begin XCBuildConfiguration section */
		98D539DB2661C88000ED29DC /* Debug */ = {
			isa = XCBuildConfiguration;
			buildSettings = {
				ALWAYS_SEARCH_USER_PATHS = NO;
				CLANG_ANALYZER_NONNULL = YES;
				CLANG_ANALYZER_NUMBER_OBJECT_CONVERSION = YES_AGGRESSIVE;
				CLANG_CXX_LANGUAGE_STANDARD = "gnu++14";
				CLANG_CXX_LIBRARY = "libc++";
				CLANG_ENABLE_MODULES = YES;
				CLANG_ENABLE_OBJC_ARC = YES;
				CLANG_ENABLE_OBJC_WEAK = YES;
				CLANG_WARN_BLOCK_CAPTURE_AUTORELEASING = YES;
				CLANG_WARN_BOOL_CONVERSION = YES;
				CLANG_WARN_COMMA = YES;
				CLANG_WARN_CONSTANT_CONVERSION = YES;
				CLANG_WARN_DEPRECATED_OBJC_IMPLEMENTATIONS = YES;
				CLANG_WARN_DIRECT_OBJC_ISA_USAGE = YES_ERROR;
				CLANG_WARN_DOCUMENTATION_COMMENTS = YES;
				CLANG_WARN_EMPTY_BODY = YES;
				CLANG_WARN_ENUM_CONVERSION = YES;
				CLANG_WARN_INFINITE_RECURSION = YES;
				CLANG_WARN_INT_CONVERSION = YES;
				CLANG_WARN_NON_LITERAL_NULL_CONVERSION = YES;
				CLANG_WARN_OBJC_IMPLICIT_RETAIN_SELF = YES;
				CLANG_WARN_OBJC_LITERAL_CONVERSION = YES;
				CLANG_WARN_OBJC_ROOT_CLASS = YES_ERROR;
				CLANG_WARN_QUOTED_INCLUDE_IN_FRAMEWORK_HEADER = YES;
				CLANG_WARN_RANGE_LOOP_ANALYSIS = YES;
				CLANG_WARN_STRICT_PROTOTYPES = YES;
				CLANG_WARN_SUSPICIOUS_MOVE = YES;
				CLANG_WARN_UNGUARDED_AVAILABILITY = YES_AGGRESSIVE;
				CLANG_WARN_UNREACHABLE_CODE = YES;
				CLANG_WARN__DUPLICATE_METHOD_MATCH = YES;
				COPY_PHASE_STRIP = NO;
				DEBUG_INFORMATION_FORMAT = dwarf;
				ENABLE_STRICT_OBJC_MSGSEND = YES;
				ENABLE_TESTABILITY = YES;
				GCC_C_LANGUAGE_STANDARD = gnu11;
				GCC_DYNAMIC_NO_PIC = NO;
				GCC_NO_COMMON_BLOCKS = YES;
				GCC_OPTIMIZATION_LEVEL = 0;
				GCC_PREPROCESSOR_DEFINITIONS = (
					"DEBUG=1",
					"$(inherited)",
				);
				GCC_WARN_64_TO_32_BIT_CONVERSION = YES;
				GCC_WARN_ABOUT_RETURN_TYPE = YES_ERROR;
				GCC_WARN_UNDECLARED_SELECTOR = YES;
				GCC_WARN_UNINITIALIZED_AUTOS = YES_AGGRESSIVE;
				GCC_WARN_UNUSED_FUNCTION = YES;
				GCC_WARN_UNUSED_VARIABLE = YES;
				IPHONEOS_DEPLOYMENT_TARGET = 14.5;
				MTL_ENABLE_DEBUG_INFO = INCLUDE_SOURCE;
				MTL_FAST_MATH = YES;
				ONLY_ACTIVE_ARCH = YES;
				SDKROOT = iphoneos;
				SWIFT_ACTIVE_COMPILATION_CONDITIONS = DEBUG;
				SWIFT_OPTIMIZATION_LEVEL = "-Onone";
			};
			name = Debug;
		};
		98D539DC2661C88000ED29DC /* Release */ = {
			isa = XCBuildConfiguration;
			buildSettings = {
				ALWAYS_SEARCH_USER_PATHS = NO;
				CLANG_ANALYZER_NONNULL = YES;
				CLANG_ANALYZER_NUMBER_OBJECT_CONVERSION = YES_AGGRESSIVE;
				CLANG_CXX_LANGUAGE_STANDARD = "gnu++14";
				CLANG_CXX_LIBRARY = "libc++";
				CLANG_ENABLE_MODULES = YES;
				CLANG_ENABLE_OBJC_ARC = YES;
				CLANG_ENABLE_OBJC_WEAK = YES;
				CLANG_WARN_BLOCK_CAPTURE_AUTORELEASING = YES;
				CLANG_WARN_BOOL_CONVERSION = YES;
				CLANG_WARN_COMMA = YES;
				CLANG_WARN_CONSTANT_CONVERSION = YES;
				CLANG_WARN_DEPRECATED_OBJC_IMPLEMENTATIONS = YES;
				CLANG_WARN_DIRECT_OBJC_ISA_USAGE = YES_ERROR;
				CLANG_WARN_DOCUMENTATION_COMMENTS = YES;
				CLANG_WARN_EMPTY_BODY = YES;
				CLANG_WARN_ENUM_CONVERSION = YES;
				CLANG_WARN_INFINITE_RECURSION = YES;
				CLANG_WARN_INT_CONVERSION = YES;
				CLANG_WARN_NON_LITERAL_NULL_CONVERSION = YES;
				CLANG_WARN_OBJC_IMPLICIT_RETAIN_SELF = YES;
				CLANG_WARN_OBJC_LITERAL_CONVERSION = YES;
				CLANG_WARN_OBJC_ROOT_CLASS = YES_ERROR;
				CLANG_WARN_QUOTED_INCLUDE_IN_FRAMEWORK_HEADER = YES;
				CLANG_WARN_RANGE_LOOP_ANALYSIS = YES;
				CLANG_WARN_STRICT_PROTOTYPES = YES;
				CLANG_WARN_SUSPICIOUS_MOVE = YES;
				CLANG_WARN_UNGUARDED_AVAILABILITY = YES_AGGRESSIVE;
				CLANG_WARN_UNREACHABLE_CODE = YES;
				CLANG_WARN__DUPLICATE_METHOD_MATCH = YES;
				COPY_PHASE_STRIP = NO;
				DEBUG_INFORMATION_FORMAT = "dwarf-with-dsym";
				ENABLE_NS_ASSERTIONS = NO;
				ENABLE_STRICT_OBJC_MSGSEND = YES;
				GCC_C_LANGUAGE_STANDARD = gnu11;
				GCC_NO_COMMON_BLOCKS = YES;
				GCC_WARN_64_TO_32_BIT_CONVERSION = YES;
				GCC_WARN_ABOUT_RETURN_TYPE = YES_ERROR;
				GCC_WARN_UNDECLARED_SELECTOR = YES;
				GCC_WARN_UNINITIALIZED_AUTOS = YES_AGGRESSIVE;
				GCC_WARN_UNUSED_FUNCTION = YES;
				GCC_WARN_UNUSED_VARIABLE = YES;
				IPHONEOS_DEPLOYMENT_TARGET = 14.5;
				MTL_ENABLE_DEBUG_INFO = NO;
				MTL_FAST_MATH = YES;
				SDKROOT = iphoneos;
				SWIFT_COMPILATION_MODE = wholemodule;
				SWIFT_OPTIMIZATION_LEVEL = "-O";
				VALIDATE_PRODUCT = YES;
			};
			name = Release;
		};
		98D539DE2661C88000ED29DC /* Debug */ = {
			isa = XCBuildConfiguration;
			buildSettings = {
				ASSETCATALOG_COMPILER_APPICON_NAME = AppIcon;
				ASSETCATALOG_COMPILER_GLOBAL_ACCENT_COLOR_NAME = AccentColor;
				CODE_SIGN_STYLE = Automatic;
				DEVELOPMENT_ASSET_PATHS = "\"SwiftUICardStack-Example/Preview Content\"";
				DEVELOPMENT_TEAM = 8B8QZZ6VNV;
				ENABLE_PREVIEWS = YES;
				INFOPLIST_FILE = "SwiftUICardStack-Example/Info.plist";
				IPHONEOS_DEPLOYMENT_TARGET = 14.0;
				LD_RUNPATH_SEARCH_PATHS = (
					"$(inherited)",
					"@executable_path/Frameworks",
				);
				PRODUCT_BUNDLE_IDENTIFIER = software.larson.cardstack.Example;
				PRODUCT_NAME = "$(TARGET_NAME)";
				SWIFT_VERSION = 5.0;
				TARGETED_DEVICE_FAMILY = "1,2";
			};
			name = Debug;
		};
		98D539DF2661C88000ED29DC /* Release */ = {
			isa = XCBuildConfiguration;
			buildSettings = {
				ASSETCATALOG_COMPILER_APPICON_NAME = AppIcon;
				ASSETCATALOG_COMPILER_GLOBAL_ACCENT_COLOR_NAME = AccentColor;
				CODE_SIGN_STYLE = Automatic;
				DEVELOPMENT_ASSET_PATHS = "\"SwiftUICardStack-Example/Preview Content\"";
				DEVELOPMENT_TEAM = 8B8QZZ6VNV;
				ENABLE_PREVIEWS = YES;
				INFOPLIST_FILE = "SwiftUICardStack-Example/Info.plist";
				IPHONEOS_DEPLOYMENT_TARGET = 14.0;
				LD_RUNPATH_SEARCH_PATHS = (
					"$(inherited)",
					"@executable_path/Frameworks",
				);
				PRODUCT_BUNDLE_IDENTIFIER = software.larson.cardstack.Example;
				PRODUCT_NAME = "$(TARGET_NAME)";
				SWIFT_VERSION = 5.0;
				TARGETED_DEVICE_FAMILY = "1,2";
			};
			name = Release;
		};
/* End XCBuildConfiguration section */

/* Begin XCConfigurationList section */
		98D539C92661C87F00ED29DC /* Build configuration list for PBXProject "SwiftUICardStack-Example" */ = {
			isa = XCConfigurationList;
			buildConfigurations = (
				98D539DB2661C88000ED29DC /* Debug */,
				98D539DC2661C88000ED29DC /* Release */,
			);
			defaultConfigurationIsVisible = 0;
			defaultConfigurationName = Release;
		};
		98D539DD2661C88000ED29DC /* Build configuration list for PBXNativeTarget "SwiftUICardStack-Example" */ = {
			isa = XCConfigurationList;
			buildConfigurations = (
				98D539DE2661C88000ED29DC /* Debug */,
				98D539DF2661C88000ED29DC /* Release */,
			);
			defaultConfigurationIsVisible = 0;
			defaultConfigurationName = Release;
		};
/* End XCConfigurationList section */

/* Begin XCRemoteSwiftPackageReference section */
		98D539E02661C97A00ED29DC /* XCRemoteSwiftPackageReference "SwiftUICardStack" */ = {
			isa = XCRemoteSwiftPackageReference;
			repositoryURL = "https://github.com/p-larson/SwiftUICardStack";
			requirement = {
				branch = main;
				kind = branch;
			};
		};
/* End XCRemoteSwiftPackageReference section */

/* Begin XCSwiftPackageProductDependency section */
		98D539E12661C97A00ED29DC /* SwiftUICardStack */ = {
			isa = XCSwiftPackageProductDependency;
			package = 98D539E02661C97A00ED29DC /* XCRemoteSwiftPackageReference "SwiftUICardStack" */;
			productName = SwiftUICardStack;
		};
/* End XCSwiftPackageProductDependency section */
	};
	rootObject = 98D539C62661C87F00ED29DC /* Project object */;
}
