{
  "object": {
    "pins": [
      {
        "package": "SwiftUICardStack",
        "repositoryURL": "https://github.com/p-larson/SwiftUICardStack",
        "state": {
          "branch": "main",
          "revision": "c5751e9cd78b3cccf0eef97bd5cc6c482cc3ba0e",
          "version": null
        }
      }
    ]
  },
  "version": 1
}
