{
  "object": {
    "pins": [
      {
        "package": "SwiftUICardStack",
        "repositoryURL": "https://github.com/p-larson/SwiftUICardStack",
        "state": {
          "branch": "main",
          "revision": "0eee9fe7f9abb8288fe7ec823140b25e1c87610c",
          "version": null
        }
      }
    ]
  },
  "version": 1
}
